
Microsoft Visual Studio Solution File, Format Version 11.00
# Visual Studio 2010
Project("{FAE04EC0-301F-11D3-BF4B-00C04F79EFBC}") = "Oculus.Platform", "Oculus.Platform.csproj", "{D3117188-E49E-1C0D-5B46-7F84252D28BF}"
EndProject
Project("{FAE04EC0-301F-11D3-BF4B-00C04F79EFBC}") = "Assembly-CSharp", "Assembly-CSharp.csproj", "{226F227C-E9AC-EAA0-6772-609B2891523E}"
EndProject
Project("{FAE04EC0-301F-11D3-BF4B-00C04F79EFBC}") = "Oculus.Spatializer", "Oculus.Spatializer.csproj", "{18F23A87-CA7C-55B6-FCA0-45863ED8B27E}"
EndProject
Project("{FAE04EC0-301F-11D3-BF4B-00C04F79EFBC}") = "AK.Wwise.Unity.API", "AK.Wwise.Unity.API.csproj", "{612C91DF-EF01-9542-13D3-8E5B48CE9C9D}"
EndProject
Project("{FAE04EC0-301F-11D3-BF4B-00C04F79EFBC}") = "NaughtyAttributes.Core", "NaughtyAttributes.Core.csproj", "{4B91F6FA-3B52-5D80-86C6-09820711FE2C}"
EndProject
Project("{FAE04EC0-301F-11D3-BF4B-00C04F79EFBC}") = "AK.Wwise.Unity.MonoBehaviour", "AK.Wwise.Unity.MonoBehaviour.csproj", "{62259564-C17D-7181-E097-31C13683D0C7}"
EndProject
Project("{FAE04EC0-301F-11D3-BF4B-00C04F79EFBC}") = "Oculus.VR", "Oculus.VR.csproj", "{1BB9057D-64E3-FD91-39EB-0476824E9E80}"
EndProject
Project("{FAE04EC0-301F-11D3-BF4B-00C04F79EFBC}") = "Facebook.WitAI", "Facebook.WitAI.csproj", "{817D2B6F-29E3-BDB8-C662-EB3CD216D14B}"
EndProject
Project("{FAE04EC0-301F-11D3-BF4B-00C04F79EFBC}") = "Ak.Wwise.Api.WAAPI", "Ak.Wwise.Api.WAAPI.csproj", "{4DA612C4-7B0B-74D2-3E86-CC7E25F9516E}"
EndProject
Project("{FAE04EC0-301F-11D3-BF4B-00C04F79EFBC}") = "Oculus.AudioManager", "Oculus.AudioManager.csproj", "{075C5C0D-2BE9-615F-8BFF-80BCE2BFA7BB}"
EndProject
Project("{FAE04EC0-301F-11D3-BF4B-00C04F79EFBC}") = "VoiceSDK.Runtime", "VoiceSDK.Runtime.csproj", "{4050ED07-3EDC-EB53-05D9-A4E38B58F172}"
EndProject
Project("{FAE04EC0-301F-11D3-BF4B-00C04F79EFBC}") = "AK.Wwise.Unity.API.WwiseTypes", "AK.Wwise.Unity.API.WwiseTypes.csproj", "{D801D54B-23D1-3806-35A8-B099CCA2D37A}"
EndProject
Project("{FAE04EC0-301F-11D3-BF4B-00C04F79EFBC}") = "AssistantCoreSDKRuntime", "AssistantCoreSDKRuntime.csproj", "{45262013-A54E-B1E9-34D3-027E221B506A}"
EndProject
Project("{FAE04EC0-301F-11D3-BF4B-00C04F79EFBC}") = "Boxophobic.TheVehetationEngine.Runtime", "Boxophobic.TheVehetationEngine.Runtime.csproj", "{350FCF02-9E0E-0D37-50F9-80E7BA00B767}"
EndProject
Project("{FAE04EC0-301F-11D3-BF4B-00C04F79EFBC}") = "Boxophobic.Utils.Scripts", "Boxophobic.Utils.Scripts.csproj", "{DAB4B546-2537-14E8-4885-D54AE576B757}"
EndProject
Project("{FAE04EC0-301F-11D3-BF4B-00C04F79EFBC}") = "Oculus.LipSync", "Oculus.LipSync.csproj", "{692FD2B9-DE55-512A-CF2D-327073FAD720}"
EndProject
Project("{FAE04EC0-301F-11D3-BF4B-00C04F79EFBC}") = "AK.Wwise.Unity.Timeline", "AK.Wwise.Unity.Timeline.csproj", "{F7164A4F-7D71-7A08-0192-CC6145BE4F03}"
EndProject
Project("{FAE04EC0-301F-11D3-BF4B-00C04F79EFBC}") = "Boxophobic.TheVegetationEngine.Editor", "Boxophobic.TheVegetationEngine.Editor.csproj", "{837F9D06-BFF0-B244-F1DB-2956FD5D2EAB}"
EndProject
Project("{FAE04EC0-301F-11D3-BF4B-00C04F79EFBC}") = "AK.Wwise.Unity.MonoBehaviour.Editor", "AK.Wwise.Unity.MonoBehaviour.Editor.csproj", "{2860ADF6-ABAC-7DF8-9C8D-FB528E196BB2}"
EndProject
Project("{FAE04EC0-301F-11D3-BF4B-00C04F79EFBC}") = "AK.Wwise.Unity.API.Editor", "AK.Wwise.Unity.API.Editor.csproj", "{EC35EAEA-B5D9-B59B-7DEC-8D49DBC32126}"
EndProject
Project("{FAE04EC0-301F-11D3-BF4B-00C04F79EFBC}") = "NaughtyAttributes.Editor", "NaughtyAttributes.Editor.csproj", "{4EC50A08-18C4-461D-0E9C-D0BD1E71373D}"
EndProject
Project("{FAE04EC0-301F-11D3-BF4B-00C04F79EFBC}") = "Facebook.Wit.Editor", "Facebook.Wit.Editor.csproj", "{8DA64716-1EFC-7BF3-E445-E21E538F6127}"
EndProject
Project("{FAE04EC0-301F-11D3-BF4B-00C04F79EFBC}") = "Oculus.Spatializer.Editor", "Oculus.Spatializer.Editor.csproj", "{00493B24-D22E-B29C-FE82-8DD6350FBC11}"
EndProject
Project("{FAE04EC0-301F-11D3-BF4B-00C04F79EFBC}") = "Boxophobic.Utils.Editor", "Boxophobic.Utils.Editor.csproj", "{97D57D80-7C22-E514-9B79-3467D1339D10}"
EndProject
Project("{FAE04EC0-301F-11D3-BF4B-00C04F79EFBC}") = "Assembly-CSharp-Editor", "Assembly-CSharp-Editor.csproj", "{8D5C0919-653A-A6D9-3B73-6173C74EE505}"
EndProject
Project("{FAE04EC0-301F-11D3-BF4B-00C04F79EFBC}") = "Oculus.VR.Editor", "Oculus.VR.Editor.csproj", "{FD5B3551-FCA4-05B8-965E-6871D33D680A}"
EndProject
Project("{FAE04EC0-301F-11D3-BF4B-00C04F79EFBC}") = "VoiceSDK.Editor", "VoiceSDK.Editor.csproj", "{C15A0152-3740-3E91-2EC5-6752A2C8C209}"
EndProject
Project("{FAE04EC0-301F-11D3-BF4B-00C04F79EFBC}") = "AK.Wwise.Unity.Timeline.Editor", "AK.Wwise.Unity.Timeline.Editor.csproj", "{B3CB366F-75CF-3C02-D0A3-B7543AD6BD5B}"
EndProject
Project("{FAE04EC0-301F-11D3-BF4B-00C04F79EFBC}") = "Oculus.Platform.Editor", "Oculus.Platform.Editor.csproj", "{CEEAB04C-C17B-39EB-2F0E-3D638AE46949}"
EndProject
Project("{FAE04EC0-301F-11D3-BF4B-00C04F79EFBC}") = "Oculus.AudioManager.Audio.Editor", "Oculus.AudioManager.Audio.Editor.csproj", "{919EA305-D9AF-636E-8F8F-58E39E9D8E53}"
EndProject
Project("{FAE04EC0-301F-11D3-BF4B-00C04F79EFBC}") = "Oculus.VR.Scripts.Editor", "Oculus.VR.Scripts.Editor.csproj", "{57E4B10F-B308-2B92-CA26-1E5DB87A25CC}"
EndProject
Project("{FAE04EC0-301F-11D3-BF4B-00C04F79EFBC}") = "Oculus.LipSync.Editor", "Oculus.LipSync.Editor.csproj", "{F8ED1388-D29F-454F-1998-4E9492A364AC}"
EndProject
Project("{FAE04EC0-301F-11D3-BF4B-00C04F79EFBC}") = "AssistantCoreSDKEditor", "AssistantCoreSDKEditor.csproj", "{964F0649-3C22-2C76-08EB-6A3D9088EF4E}"
EndProject
Project("{FAE04EC0-301F-11D3-BF4B-00C04F79EFBC}") = "Oculus.AudioManager.Utils.Editor", "Oculus.AudioManager.Utils.Editor.csproj", "{3953F3BD-CADD-C49B-D710-59E7E95CFB30}"
EndProject
Global
	GlobalSection(SolutionConfigurationPlatforms) = preSolution
		Debug|Any CPU = Debug|Any CPU
		Release|Any CPU = Release|Any CPU
	EndGlobalSection
	GlobalSection(ProjectConfigurationPlatforms) = postSolution
		{D3117188-E49E-1C0D-5B46-7F84252D28BF}.Debug|Any CPU.ActiveCfg = Debug|Any CPU
		{D3117188-E49E-1C0D-5B46-7F84252D28BF}.Debug|Any CPU.Build.0 = Debug|Any CPU
		{D3117188-E49E-1C0D-5B46-7F84252D28BF}.Release|Any CPU.ActiveCfg = Release|Any CPU
		{D3117188-E49E-1C0D-5B46-7F84252D28BF}.Release|Any CPU.Build.0 = Release|Any CPU
		{226F227C-E9AC-EAA0-6772-609B2891523E}.Debug|Any CPU.ActiveCfg = Debug|Any CPU
		{226F227C-E9AC-EAA0-6772-609B2891523E}.Debug|Any CPU.Build.0 = Debug|Any CPU
		{226F227C-E9AC-EAA0-6772-609B2891523E}.Release|Any CPU.ActiveCfg = Release|Any CPU
		{226F227C-E9AC-EAA0-6772-609B2891523E}.Release|Any CPU.Build.0 = Release|Any CPU
		{18F23A87-CA7C-55B6-FCA0-45863ED8B27E}.Debug|Any CPU.ActiveCfg = Debug|Any CPU
		{18F23A87-CA7C-55B6-FCA0-45863ED8B27E}.Debug|Any CPU.Build.0 = Debug|Any CPU
		{18F23A87-CA7C-55B6-FCA0-45863ED8B27E}.Release|Any CPU.ActiveCfg = Release|Any CPU
		{18F23A87-CA7C-55B6-FCA0-45863ED8B27E}.Release|Any CPU.Build.0 = Release|Any CPU
		{612C91DF-EF01-9542-13D3-8E5B48CE9C9D}.Debug|Any CPU.ActiveCfg = Debug|Any CPU
		{612C91DF-EF01-9542-13D3-8E5B48CE9C9D}.Debug|Any CPU.Build.0 = Debug|Any CPU
		{612C91DF-EF01-9542-13D3-8E5B48CE9C9D}.Release|Any CPU.ActiveCfg = Release|Any CPU
		{612C91DF-EF01-9542-13D3-8E5B48CE9C9D}.Release|Any CPU.Build.0 = Release|Any CPU
		{4B91F6FA-3B52-5D80-86C6-09820711FE2C}.Debug|Any CPU.ActiveCfg = Debug|Any CPU
		{4B91F6FA-3B52-5D80-86C6-09820711FE2C}.Debug|Any CPU.Build.0 = Debug|Any CPU
		{4B91F6FA-3B52-5D80-86C6-09820711FE2C}.Release|Any CPU.ActiveCfg = Release|Any CPU
		{4B91F6FA-3B52-5D80-86C6-09820711FE2C}.Release|Any CPU.Build.0 = Release|Any CPU
		{62259564-C17D-7181-E097-31C13683D0C7}.Debug|Any CPU.ActiveCfg = Debug|Any CPU
		{62259564-C17D-7181-E097-31C13683D0C7}.Debug|Any CPU.Build.0 = Debug|Any CPU
		{62259564-C17D-7181-E097-31C13683D0C7}.Release|Any CPU.ActiveCfg = Release|Any CPU
		{62259564-C17D-7181-E097-31C13683D0C7}.Release|Any CPU.Build.0 = Release|Any CPU
		{1BB9057D-64E3-FD91-39EB-0476824E9E80}.Debug|Any CPU.ActiveCfg = Debug|Any CPU
		{1BB9057D-64E3-FD91-39EB-0476824E9E80}.Debug|Any CPU.Build.0 = Debug|Any CPU
		{1BB9057D-64E3-FD91-39EB-0476824E9E80}.Release|Any CPU.ActiveCfg = Release|Any CPU
		{1BB9057D-64E3-FD91-39EB-0476824E9E80}.Release|Any CPU.Build.0 = Release|Any CPU
		{817D2B6F-29E3-BDB8-C662-EB3CD216D14B}.Debug|Any CPU.ActiveCfg = Debug|Any CPU
		{817D2B6F-29E3-BDB8-C662-EB3CD216D14B}.Debug|Any CPU.Build.0 = Debug|Any CPU
		{817D2B6F-29E3-BDB8-C662-EB3CD216D14B}.Release|Any CPU.ActiveCfg = Release|Any CPU
		{817D2B6F-29E3-BDB8-C662-EB3CD216D14B}.Release|Any CPU.Build.0 = Release|Any CPU
		{4DA612C4-7B0B-74D2-3E86-CC7E25F9516E}.Debug|Any CPU.ActiveCfg = Debug|Any CPU
		{4DA612C4-7B0B-74D2-3E86-CC7E25F9516E}.Debug|Any CPU.Build.0 = Debug|Any CPU
		{4DA612C4-7B0B-74D2-3E86-CC7E25F9516E}.Release|Any CPU.ActiveCfg = Release|Any CPU
		{4DA612C4-7B0B-74D2-3E86-CC7E25F9516E}.Release|Any CPU.Build.0 = Release|Any CPU
		{075C5C0D-2BE9-615F-8BFF-80BCE2BFA7BB}.Debug|Any CPU.ActiveCfg = Debug|Any CPU
		{075C5C0D-2BE9-615F-8BFF-80BCE2BFA7BB}.Debug|Any CPU.Build.0 = Debug|Any CPU
		{075C5C0D-2BE9-615F-8BFF-80BCE2BFA7BB}.Release|Any CPU.ActiveCfg = Release|Any CPU
		{075C5C0D-2BE9-615F-8BFF-80BCE2BFA7BB}.Release|Any CPU.Build.0 = Release|Any CPU
		{4050ED07-3EDC-EB53-05D9-A4E38B58F172}.Debug|Any CPU.ActiveCfg = Debug|Any CPU
		{4050ED07-3EDC-EB53-05D9-A4E38B58F172}.Debug|Any CPU.Build.0 = Debug|Any CPU
		{4050ED07-3EDC-EB53-05D9-A4E38B58F172}.Release|Any CPU.ActiveCfg = Release|Any CPU
		{4050ED07-3EDC-EB53-05D9-A4E38B58F172}.Release|Any CPU.Build.0 = Release|Any CPU
		{D801D54B-23D1-3806-35A8-B099CCA2D37A}.Debug|Any CPU.ActiveCfg = Debug|Any CPU
		{D801D54B-23D1-3806-35A8-B099CCA2D37A}.Debug|Any CPU.Build.0 = Debug|Any CPU
		{D801D54B-23D1-3806-35A8-B099CCA2D37A}.Release|Any CPU.ActiveCfg = Release|Any CPU
		{D801D54B-23D1-3806-35A8-B099CCA2D37A}.Release|Any CPU.Build.0 = Release|Any CPU
		{45262013-A54E-B1E9-34D3-027E221B506A}.Debug|Any CPU.ActiveCfg = Debug|Any CPU
		{45262013-A54E-B1E9-34D3-027E221B506A}.Debug|Any CPU.Build.0 = Debug|Any CPU
		{45262013-A54E-B1E9-34D3-027E221B506A}.Release|Any CPU.ActiveCfg = Release|Any CPU
		{45262013-A54E-B1E9-34D3-027E221B506A}.Release|Any CPU.Build.0 = Release|Any CPU
		{350FCF02-9E0E-0D37-50F9-80E7BA00B767}.Debug|Any CPU.ActiveCfg = Debug|Any CPU
		{350FCF02-9E0E-0D37-50F9-80E7BA00B767}.Debug|Any CPU.Build.0 = Debug|Any CPU
		{350FCF02-9E0E-0D37-50F9-80E7BA00B767}.Release|Any CPU.ActiveCfg = Release|Any CPU
		{350FCF02-9E0E-0D37-50F9-80E7BA00B767}.Release|Any CPU.Build.0 = Release|Any CPU
		{DAB4B546-2537-14E8-4885-D54AE576B757}.Debug|Any CPU.ActiveCfg = Debug|Any CPU
		{DAB4B546-2537-14E8-4885-D54AE576B757}.Debug|Any CPU.Build.0 = Debug|Any CPU
		{DAB4B546-2537-14E8-4885-D54AE576B757}.Release|Any CPU.ActiveCfg = Release|Any CPU
		{DAB4B546-2537-14E8-4885-D54AE576B757}.Release|Any CPU.Build.0 = Release|Any CPU
		{692FD2B9-DE55-512A-CF2D-327073FAD720}.Debug|Any CPU.ActiveCfg = Debug|Any CPU
		{692FD2B9-DE55-512A-CF2D-327073FAD720}.Debug|Any CPU.Build.0 = Debug|Any CPU
		{692FD2B9-DE55-512A-CF2D-327073FAD720}.Release|Any CPU.ActiveCfg = Release|Any CPU
		{692FD2B9-DE55-512A-CF2D-327073FAD720}.Release|Any CPU.Build.0 = Release|Any CPU
		{F7164A4F-7D71-7A08-0192-CC6145BE4F03}.Debug|Any CPU.ActiveCfg = Debug|Any CPU
		{F7164A4F-7D71-7A08-0192-CC6145BE4F03}.Debug|Any CPU.Build.0 = Debug|Any CPU
		{F7164A4F-7D71-7A08-0192-CC6145BE4F03}.Release|Any CPU.ActiveCfg = Release|Any CPU
		{F7164A4F-7D71-7A08-0192-CC6145BE4F03}.Release|Any CPU.Build.0 = Release|Any CPU
		{837F9D06-BFF0-B244-F1DB-2956FD5D2EAB}.Debug|Any CPU.ActiveCfg = Debug|Any CPU
		{837F9D06-BFF0-B244-F1DB-2956FD5D2EAB}.Debug|Any CPU.Build.0 = Debug|Any CPU
		{837F9D06-BFF0-B244-F1DB-2956FD5D2EAB}.Release|Any CPU.ActiveCfg = Release|Any CPU
		{837F9D06-BFF0-B244-F1DB-2956FD5D2EAB}.Release|Any CPU.Build.0 = Release|Any CPU
		{2860ADF6-ABAC-7DF8-9C8D-FB528E196BB2}.Debug|Any CPU.ActiveCfg = Debug|Any CPU
		{2860ADF6-ABAC-7DF8-9C8D-FB528E196BB2}.Debug|Any CPU.Build.0 = Debug|Any CPU
		{2860ADF6-ABAC-7DF8-9C8D-FB528E196BB2}.Release|Any CPU.ActiveCfg = Release|Any CPU
		{2860ADF6-ABAC-7DF8-9C8D-FB528E196BB2}.Release|Any CPU.Build.0 = Release|Any CPU
		{EC35EAEA-B5D9-B59B-7DEC-8D49DBC32126}.Debug|Any CPU.ActiveCfg = Debug|Any CPU
		{EC35EAEA-B5D9-B59B-7DEC-8D49DBC32126}.Debug|Any CPU.Build.0 = Debug|Any CPU
		{EC35EAEA-B5D9-B59B-7DEC-8D49DBC32126}.Release|Any CPU.ActiveCfg = Release|Any CPU
		{EC35EAEA-B5D9-B59B-7DEC-8D49DBC32126}.Release|Any CPU.Build.0 = Release|Any CPU
		{4EC50A08-18C4-461D-0E9C-D0BD1E71373D}.Debug|Any CPU.ActiveCfg = Debug|Any CPU
		{4EC50A08-18C4-461D-0E9C-D0BD1E71373D}.Debug|Any CPU.Build.0 = Debug|Any CPU
		{4EC50A08-18C4-461D-0E9C-D0BD1E71373D}.Release|Any CPU.ActiveCfg = Release|Any CPU
		{4EC50A08-18C4-461D-0E9C-D0BD1E71373D}.Release|Any CPU.Build.0 = Release|Any CPU
		{8DA64716-1EFC-7BF3-E445-E21E538F6127}.Debug|Any CPU.ActiveCfg = Debug|Any CPU
		{8DA64716-1EFC-7BF3-E445-E21E538F6127}.Debug|Any CPU.Build.0 = Debug|Any CPU
		{8DA64716-1EFC-7BF3-E445-E21E538F6127}.Release|Any CPU.ActiveCfg = Release|Any CPU
		{8DA64716-1EFC-7BF3-E445-E21E538F6127}.Release|Any CPU.Build.0 = Release|Any CPU
		{00493B24-D22E-B29C-FE82-8DD6350FBC11}.Debug|Any CPU.ActiveCfg = Debug|Any CPU
		{00493B24-D22E-B29C-FE82-8DD6350FBC11}.Debug|Any CPU.Build.0 = Debug|Any CPU
		{00493B24-D22E-B29C-FE82-8DD6350FBC11}.Release|Any CPU.ActiveCfg = Release|Any CPU
		{00493B24-D22E-B29C-FE82-8DD6350FBC11}.Release|Any CPU.Build.0 = Release|Any CPU
		{97D57D80-7C22-E514-9B79-3467D1339D10}.Debug|Any CPU.ActiveCfg = Debug|Any CPU
		{97D57D80-7C22-E514-9B79-3467D1339D10}.Debug|Any CPU.Build.0 = Debug|Any CPU
		{97D57D80-7C22-E514-9B79-3467D1339D10}.Release|Any CPU.ActiveCfg = Release|Any CPU
		{97D57D80-7C22-E514-9B79-3467D1339D10}.Release|Any CPU.Build.0 = Release|Any CPU
		{8D5C0919-653A-A6D9-3B73-6173C74EE505}.Debug|Any CPU.ActiveCfg = Debug|Any CPU
		{8D5C0919-653A-A6D9-3B73-6173C74EE505}.Debug|Any CPU.Build.0 = Debug|Any CPU
		{8D5C0919-653A-A6D9-3B73-6173C74EE505}.Release|Any CPU.ActiveCfg = Release|Any CPU
		{8D5C0919-653A-A6D9-3B73-6173C74EE505}.Release|Any CPU.Build.0 = Release|Any CPU
		{FD5B3551-FCA4-05B8-965E-6871D33D680A}.Debug|Any CPU.ActiveCfg = Debug|Any CPU
		{FD5B3551-FCA4-05B8-965E-6871D33D680A}.Debug|Any CPU.Build.0 = Debug|Any CPU
		{FD5B3551-FCA4-05B8-965E-6871D33D680A}.Release|Any CPU.ActiveCfg = Release|Any CPU
		{FD5B3551-FCA4-05B8-965E-6871D33D680A}.Release|Any CPU.Build.0 = Release|Any CPU
		{C15A0152-3740-3E91-2EC5-6752A2C8C209}.Debug|Any CPU.ActiveCfg = Debug|Any CPU
		{C15A0152-3740-3E91-2EC5-6752A2C8C209}.Debug|Any CPU.Build.0 = Debug|Any CPU
		{C15A0152-3740-3E91-2EC5-6752A2C8C209}.Release|Any CPU.ActiveCfg = Release|Any CPU
		{C15A0152-3740-3E91-2EC5-6752A2C8C209}.Release|Any CPU.Build.0 = Release|Any CPU
		{B3CB366F-75CF-3C02-D0A3-B7543AD6BD5B}.Debug|Any CPU.ActiveCfg = Debug|Any CPU
		{B3CB366F-75CF-3C02-D0A3-B7543AD6BD5B}.Debug|Any CPU.Build.0 = Debug|Any CPU
		{B3CB366F-75CF-3C02-D0A3-B7543AD6BD5B}.Release|Any CPU.ActiveCfg = Release|Any CPU
		{B3CB366F-75CF-3C02-D0A3-B7543AD6BD5B}.Release|Any CPU.Build.0 = Release|Any CPU
		{CEEAB04C-C17B-39EB-2F0E-3D638AE46949}.Debug|Any CPU.ActiveCfg = Debug|Any CPU
		{CEEAB04C-C17B-39EB-2F0E-3D638AE46949}.Debug|Any CPU.Build.0 = Debug|Any CPU
		{CEEAB04C-C17B-39EB-2F0E-3D638AE46949}.Release|Any CPU.ActiveCfg = Release|Any CPU
		{CEEAB04C-C17B-39EB-2F0E-3D638AE46949}.Release|Any CPU.Build.0 = Release|Any CPU
		{919EA305-D9AF-636E-8F8F-58E39E9D8E53}.Debug|Any CPU.ActiveCfg = Debug|Any CPU
		{919EA305-D9AF-636E-8F8F-58E39E9D8E53}.Debug|Any CPU.Build.0 = Debug|Any CPU
		{919EA305-D9AF-636E-8F8F-58E39E9D8E53}.Release|Any CPU.ActiveCfg = Release|Any CPU
		{919EA305-D9AF-636E-8F8F-58E39E9D8E53}.Release|Any CPU.Build.0 = Release|Any CPU
		{57E4B10F-B308-2B92-CA26-1E5DB87A25CC}.Debug|Any CPU.ActiveCfg = Debug|Any CPU
		{57E4B10F-B308-2B92-CA26-1E5DB87A25CC}.Debug|Any CPU.Build.0 = Debug|Any CPU
		{57E4B10F-B308-2B92-CA26-1E5DB87A25CC}.Release|Any CPU.ActiveCfg = Release|Any CPU
		{57E4B10F-B308-2B92-CA26-1E5DB87A25CC}.Release|Any CPU.Build.0 = Release|Any CPU
		{F8ED1388-D29F-454F-1998-4E9492A364AC}.Debug|Any CPU.ActiveCfg = Debug|Any CPU
		{F8ED1388-D29F-454F-1998-4E9492A364AC}.Debug|Any CPU.Build.0 = Debug|Any CPU
		{F8ED1388-D29F-454F-1998-4E9492A364AC}.Release|Any CPU.ActiveCfg = Release|Any CPU
		{F8ED1388-D29F-454F-1998-4E9492A364AC}.Release|Any CPU.Build.0 = Release|Any CPU
		{964F0649-3C22-2C76-08EB-6A3D9088EF4E}.Debug|Any CPU.ActiveCfg = Debug|Any CPU
		{964F0649-3C22-2C76-08EB-6A3D9088EF4E}.Debug|Any CPU.Build.0 = Debug|Any CPU
		{964F0649-3C22-2C76-08EB-6A3D9088EF4E}.Release|Any CPU.ActiveCfg = Release|Any CPU
		{964F0649-3C22-2C76-08EB-6A3D9088EF4E}.Release|Any CPU.Build.0 = Release|Any CPU
		{3953F3BD-CADD-C49B-D710-59E7E95CFB30}.Debug|Any CPU.ActiveCfg = Debug|Any CPU
		{3953F3BD-CADD-C49B-D710-59E7E95CFB30}.Debug|Any CPU.Build.0 = Debug|Any CPU
		{3953F3BD-CADD-C49B-D710-59E7E95CFB30}.Release|Any CPU.ActiveCfg = Release|Any CPU
		{3953F3BD-CADD-C49B-D710-59E7E95CFB30}.Release|Any CPU.Build.0 = Release|Any CPU
	EndGlobalSection
	GlobalSection(SolutionProperties) = preSolution
		HideSolutionNode = FALSE
	EndGlobalSection
EndGlobal
